// !$*UTF8*$!
{
	archiveVersion = 1;
	classes = {
	};
	objectVersion = 50;
	objects = {

/* Begin PBXBuildFile section */
		6ECF621825415D78002435EA /* DetailViewController.swift in Sources */ = {isa = PBXBuildFile; fileRef = 6ECF621725415D78002435EA /* DetailViewController.swift */; };
		6ECF621D25416112002435EA /* loadManager.swift in Sources */ = {isa = PBXBuildFile; fileRef = 6ECF621C25416112002435EA /* loadManager.swift */; };
		6ED959F2254074BD0038FF0D /* AppDelegate.swift in Sources */ = {isa = PBXBuildFile; fileRef = 6ED959F1254074BD0038FF0D /* AppDelegate.swift */; };
		6ED959F4254074BD0038FF0D /* SceneDelegate.swift in Sources */ = {isa = PBXBuildFile; fileRef = 6ED959F3254074BD0038FF0D /* SceneDelegate.swift */; };
		6ED959F9254074BD0038FF0D /* Main.storyboard in Resources */ = {isa = PBXBuildFile; fileRef = 6ED959F7254074BD0038FF0D /* Main.storyboard */; };
		6ED959FB254074C10038FF0D /* Assets.xcassets in Resources */ = {isa = PBXBuildFile; fileRef = 6ED959FA254074C10038FF0D /* Assets.xcassets */; };
		6ED959FE254074C10038FF0D /* LaunchScreen.storyboard in Resources */ = {isa = PBXBuildFile; fileRef = 6ED959FC254074C10038FF0D /* LaunchScreen.storyboard */; };
		6ED95A09254074C20038FF0D /* NotesAppTests.swift in Sources */ = {isa = PBXBuildFile; fileRef = 6ED95A08254074C20038FF0D /* NotesAppTests.swift */; };
		6ED95A14254074C20038FF0D /* NotesAppUITests.swift in Sources */ = {isa = PBXBuildFile; fileRef = 6ED95A13254074C20038FF0D /* NotesAppUITests.swift */; };
		6ED95A25254075260038FF0D /* TableTableViewController.swift in Sources */ = {isa = PBXBuildFile; fileRef = 6ED95A24254075260038FF0D /* TableTableViewController.swift */; };
		6ED95A2D254075E00038FF0D /* Note.swift in Sources */ = {isa = PBXBuildFile; fileRef = 6ED95A2C254075E00038FF0D /* Note.swift */; };
		6ED95A3225407B1D0038FF0D /* AddViewController.swift in Sources */ = {isa = PBXBuildFile; fileRef = 6ED95A3125407B1D0038FF0D /* AddViewController.swift */; };
		6ED95A37254080120038FF0D /* TableViewCell.swift in Sources */ = {isa = PBXBuildFile; fileRef = 6ED95A36254080120038FF0D /* TableViewCell.swift */; };
/* End PBXBuildFile section */

/* Begin PBXContainerItemProxy section */
		6ED95A05254074C20038FF0D /* PBXContainerItemProxy */ = {
			isa = PBXContainerItemProxy;
			containerPortal = 6ED959E6254074BD0038FF0D /* Project object */;
			proxyType = 1;
			remoteGlobalIDString = 6ED959ED254074BD0038FF0D;
			remoteInfo = NotesApp;
		};
		6ED95A10254074C20038FF0D /* PBXContainerItemProxy */ = {
			isa = PBXContainerItemProxy;
			containerPortal = 6ED959E6254074BD0038FF0D /* Project object */;
			proxyType = 1;
			remoteGlobalIDString = 6ED959ED254074BD0038FF0D;
			remoteInfo = NotesApp;
		};
/* End PBXContainerItemProxy section */

/* Begin PBXFileReference section */
		6ECF621725415D78002435EA /* DetailViewController.swift */ = {isa = PBXFileReference; lastKnownFileType = sourcecode.swift; path = DetailViewController.swift; sourceTree = "<group>"; };
		6ECF621C25416112002435EA /* loadManager.swift */ = {isa = PBXFileReference; lastKnownFileType = sourcecode.swift; path = loadManager.swift; sourceTree = "<group>"; };
		6ED959EE254074BD0038FF0D /* NotesApp.app */ = {isa = PBXFileReference; explicitFileType = wrapper.application; includeInIndex = 0; path = NotesApp.app; sourceTree = BUILT_PRODUCTS_DIR; };
		6ED959F1254074BD0038FF0D /* AppDelegate.swift */ = {isa = PBXFileReference; lastKnownFileType = sourcecode.swift; path = AppDelegate.swift; sourceTree = "<group>"; };
		6ED959F3254074BD0038FF0D /* SceneDelegate.swift */ = {isa = PBXFileReference; lastKnownFileType = sourcecode.swift; path = SceneDelegate.swift; sourceTree = "<group>"; };
		6ED959F8254074BD0038FF0D /* Base */ = {isa = PBXFileReference; lastKnownFileType = file.storyboard; name = Base; path = Base.lproj/Main.storyboard; sourceTree = "<group>"; };
		6ED959FA254074C10038FF0D /* Assets.xcassets */ = {isa = PBXFileReference; lastKnownFileType = folder.assetcatalog; path = Assets.xcassets; sourceTree = "<group>"; };
		6ED959FD254074C10038FF0D /* Base */ = {isa = PBXFileReference; lastKnownFileType = file.storyboard; name = Base; path = Base.lproj/LaunchScreen.storyboard; sourceTree = "<group>"; };
		6ED959FF254074C10038FF0D /* Info.plist */ = {isa = PBXFileReference; lastKnownFileType = text.plist.xml; path = Info.plist; sourceTree = "<group>"; };
		6ED95A04254074C20038FF0D /* NotesAppTests.xctest */ = {isa = PBXFileReference; explicitFileType = wrapper.cfbundle; includeInIndex = 0; path = NotesAppTests.xctest; sourceTree = BUILT_PRODUCTS_DIR; };
		6ED95A08254074C20038FF0D /* NotesAppTests.swift */ = {isa = PBXFileReference; lastKnownFileType = sourcecode.swift; path = NotesAppTests.swift; sourceTree = "<group>"; };
		6ED95A0A254074C20038FF0D /* Info.plist */ = {isa = PBXFileReference; lastKnownFileType = text.plist.xml; path = Info.plist; sourceTree = "<group>"; };
		6ED95A0F254074C20038FF0D /* NotesAppUITests.xctest */ = {isa = PBXFileReference; explicitFileType = wrapper.cfbundle; includeInIndex = 0; path = NotesAppUITests.xctest; sourceTree = BUILT_PRODUCTS_DIR; };
		6ED95A13254074C20038FF0D /* NotesAppUITests.swift */ = {isa = PBXFileReference; lastKnownFileType = sourcecode.swift; path = NotesAppUITests.swift; sourceTree = "<group>"; };
		6ED95A15254074C20038FF0D /* Info.plist */ = {isa = PBXFileReference; lastKnownFileType = text.plist.xml; path = Info.plist; sourceTree = "<group>"; };
		6ED95A24254075260038FF0D /* TableTableViewController.swift */ = {isa = PBXFileReference; lastKnownFileType = sourcecode.swift; path = TableTableViewController.swift; sourceTree = "<group>"; };
		6ED95A2C254075E00038FF0D /* Note.swift */ = {isa = PBXFileReference; lastKnownFileType = sourcecode.swift; path = Note.swift; sourceTree = "<group>"; };
		6ED95A3125407B1D0038FF0D /* AddViewController.swift */ = {isa = PBXFileReference; lastKnownFileType = sourcecode.swift; path = AddViewController.swift; sourceTree = "<group>"; };
		6ED95A36254080120038FF0D /* TableViewCell.swift */ = {isa = PBXFileReference; lastKnownFileType = sourcecode.swift; path = TableViewCell.swift; sourceTree = "<group>"; };
/* End PBXFileReference section */

/* Begin PBXFrameworksBuildPhase section */
		6ED959EB254074BD0038FF0D /* Frameworks */ = {
			isa = PBXFrameworksBuildPhase;
			buildActionMask = 2147483647;
			files = (
			);
			runOnlyForDeploymentPostprocessing = 0;
		};
		6ED95A01254074C20038FF0D /* Frameworks */ = {
			isa = PBXFrameworksBuildPhase;
			buildActionMask = 2147483647;
			files = (
			);
			runOnlyForDeploymentPostprocessing = 0;
		};
		6ED95A0C254074C20038FF0D /* Frameworks */ = {
			isa = PBXFrameworksBuildPhase;
			buildActionMask = 2147483647;
			files = (
			);
			runOnlyForDeploymentPostprocessing = 0;
		};
/* End PBXFrameworksBuildPhase section */

/* Begin PBXGroup section */
		6ED959E5254074BD0038FF0D = {
			isa = PBXGroup;
			children = (
				6ED959F0254074BD0038FF0D /* NotesApp */,
				6ED95A07254074C20038FF0D /* NotesAppTests */,
				6ED95A12254074C20038FF0D /* NotesAppUITests */,
				6ED959EF254074BD0038FF0D /* Products */,
			);
			sourceTree = "<group>";
		};
		6ED959EF254074BD0038FF0D /* Products */ = {
			isa = PBXGroup;
			children = (
				6ED959EE254074BD0038FF0D /* NotesApp.app */,
				6ED95A04254074C20038FF0D /* NotesAppTests.xctest */,
				6ED95A0F254074C20038FF0D /* NotesAppUITests.xctest */,
			);
			name = Products;
			sourceTree = "<group>";
		};
		6ED959F0254074BD0038FF0D /* NotesApp */ = {
			isa = PBXGroup;
			children = (
				6ED959F1254074BD0038FF0D /* AppDelegate.swift */,
				6ED959F3254074BD0038FF0D /* SceneDelegate.swift */,
				6ED959F7254074BD0038FF0D /* Main.storyboard */,
				6ECF621725415D78002435EA /* DetailViewController.swift */,
				6ECF621C25416112002435EA /* loadManager.swift */,
				6ED95A24254075260038FF0D /* TableTableViewController.swift */,
				6ED95A36254080120038FF0D /* TableViewCell.swift */,
				6ED95A3125407B1D0038FF0D /* AddViewController.swift */,
				6ED95A2C254075E00038FF0D /* Note.swift */,
				6ED959FA254074C10038FF0D /* Assets.xcassets */,
				6ED959FC254074C10038FF0D /* LaunchScreen.storyboard */,
				6ED959FF254074C10038FF0D /* Info.plist */,
			);
			path = NotesApp;
			sourceTree = "<group>";
		};
		6ED95A07254074C20038FF0D /* NotesAppTests */ = {
			isa = PBXGroup;
			children = (
				6ED95A08254074C20038FF0D /* NotesAppTests.swift */,
				6ED95A0A254074C20038FF0D /* Info.plist */,
			);
			path = NotesAppTests;
			sourceTree = "<group>";
		};
		6ED95A12254074C20038FF0D /* NotesAppUITests */ = {
			isa = PBXGroup;
			children = (
				6ED95A13254074C20038FF0D /* NotesAppUITests.swift */,
				6ED95A15254074C20038FF0D /* Info.plist */,
			);
			path = NotesAppUITests;
			sourceTree = "<group>";
		};
/* End PBXGroup section */

/* Begin PBXNativeTarget section */
		6ED959ED254074BD0038FF0D /* NotesApp */ = {
			isa = PBXNativeTarget;
			buildConfigurationList = 6ED95A18254074C20038FF0D /* Build configuration list for PBXNativeTarget "NotesApp" */;
			buildPhases = (
				6ED959EA254074BD0038FF0D /* Sources */,
				6ED959EB254074BD0038FF0D /* Frameworks */,
				6ED959EC254074BD0038FF0D /* Resources */,
			);
			buildRules = (
			);
			dependencies = (
			);
			name = NotesApp;
			productName = NotesApp;
			productReference = 6ED959EE254074BD0038FF0D /* NotesApp.app */;
			productType = "com.apple.product-type.application";
		};
		6ED95A03254074C20038FF0D /* NotesAppTests */ = {
			isa = PBXNativeTarget;
			buildConfigurationList = 6ED95A1B254074C20038FF0D /* Build configuration list for PBXNativeTarget "NotesAppTests" */;
			buildPhases = (
				6ED95A00254074C20038FF0D /* Sources */,
				6ED95A01254074C20038FF0D /* Frameworks */,
				6ED95A02254074C20038FF0D /* Resources */,
			);
			buildRules = (
			);
			dependencies = (
				6ED95A06254074C20038FF0D /* PBXTargetDependency */,
			);
			name = NotesAppTests;
			productName = NotesAppTests;
			productReference = 6ED95A04254074C20038FF0D /* NotesAppTests.xctest */;
			productType = "com.apple.product-type.bundle.unit-test";
		};
		6ED95A0E254074C20038FF0D /* NotesAppUITests */ = {
			isa = PBXNativeTarget;
			buildConfigurationList = 6ED95A1E254074C20038FF0D /* Build configuration list for PBXNativeTarget "NotesAppUITests" */;
			buildPhases = (
				6ED95A0B254074C20038FF0D /* Sources */,
				6ED95A0C254074C20038FF0D /* Frameworks */,
				6ED95A0D254074C20038FF0D /* Resources */,
			);
			buildRules = (
			);
			dependencies = (
				6ED95A11254074C20038FF0D /* PBXTargetDependency */,
			);
			name = NotesAppUITests;
			productName = NotesAppUITests;
			productReference = 6ED95A0F254074C20038FF0D /* NotesAppUITests.xctest */;
			productType = "com.apple.product-type.bundle.ui-testing";
		};
/* End PBXNativeTarget section */

/* Begin PBXProject section */
		6ED959E6254074BD0038FF0D /* Project object */ = {
			isa = PBXProject;
			attributes = {
				LastSwiftUpdateCheck = 1200;
				LastUpgradeCheck = 1200;
				TargetAttributes = {
					6ED959ED254074BD0038FF0D = {
						CreatedOnToolsVersion = 12.0.1;
					};
					6ED95A03254074C20038FF0D = {
						CreatedOnToolsVersion = 12.0.1;
						TestTargetID = 6ED959ED254074BD0038FF0D;
					};
					6ED95A0E254074C20038FF0D = {
						CreatedOnToolsVersion = 12.0.1;
						TestTargetID = 6ED959ED254074BD0038FF0D;
					};
				};
			};
			buildConfigurationList = 6ED959E9254074BD0038FF0D /* Build configuration list for PBXProject "NotesApp" */;
			compatibilityVersion = "Xcode 9.3";
			developmentRegion = en;
			hasScannedForEncodings = 0;
			knownRegions = (
				en,
				Base,
			);
			mainGroup = 6ED959E5254074BD0038FF0D;
			productRefGroup = 6ED959EF254074BD0038FF0D /* Products */;
			projectDirPath = "";
			projectRoot = "";
			targets = (
				6ED959ED254074BD0038FF0D /* NotesApp */,
				6ED95A03254074C20038FF0D /* NotesAppTests */,
				6ED95A0E254074C20038FF0D /* NotesAppUITests */,
			);
		};
/* End PBXProject section */

/* Begin PBXResourcesBuildPhase section */
		6ED959EC254074BD0038FF0D /* Resources */ = {
			isa = PBXResourcesBuildPhase;
			buildActionMask = 2147483647;
			files = (
				6ED959FE254074C10038FF0D /* LaunchScreen.storyboard in Resources */,
				6ED959FB254074C10038FF0D /* Assets.xcassets in Resources */,
				6ED959F9254074BD0038FF0D /* Main.storyboard in Resources */,
			);
			runOnlyForDeploymentPostprocessing = 0;
		};
		6ED95A02254074C20038FF0D /* Resources */ = {
			isa = PBXResourcesBuildPhase;
			buildActionMask = 2147483647;
			files = (
			);
			runOnlyForDeploymentPostprocessing = 0;
		};
		6ED95A0D254074C20038FF0D /* Resources */ = {
			isa = PBXResourcesBuildPhase;
			buildActionMask = 2147483647;
			files = (
			);
			runOnlyForDeploymentPostprocessing = 0;
		};
/* End PBXResourcesBuildPhase section */

/* Begin PBXSourcesBuildPhase section */
		6ED959EA254074BD0038FF0D /* Sources */ = {
			isa = PBXSourcesBuildPhase;
			buildActionMask = 2147483647;
			files = (
				6ED95A3225407B1D0038FF0D /* AddViewController.swift in Sources */,
				6ED959F2254074BD0038FF0D /* AppDelegate.swift in Sources */,
				6ECF621D25416112002435EA /* loadManager.swift in Sources */,
				6ED95A25254075260038FF0D /* TableTableViewController.swift in Sources */,
				6ED95A37254080120038FF0D /* TableViewCell.swift in Sources */,
				6ED959F4254074BD0038FF0D /* SceneDelegate.swift in Sources */,
				6ED95A2D254075E00038FF0D /* Note.swift in Sources */,
				6ECF621825415D78002435EA /* DetailViewController.swift in Sources */,
			);
			runOnlyForDeploymentPostprocessing = 0;
		};
		6ED95A00254074C20038FF0D /* Sources */ = {
			isa = PBXSourcesBuildPhase;
			buildActionMask = 2147483647;
			files = (
				6ED95A09254074C20038FF0D /* NotesAppTests.swift in Sources */,
			);
			runOnlyForDeploymentPostprocessing = 0;
		};
		6ED95A0B254074C20038FF0D /* Sources */ = {
			isa = PBXSourcesBuildPhase;
			buildActionMask = 2147483647;
			files = (
				6ED95A14254074C20038FF0D /* NotesAppUITests.swift in Sources */,
			);
			runOnlyForDeploymentPostprocessing = 0;
		};
/* End PBXSourcesBuildPhase section */

/* Begin PBXTargetDependency section */
		6ED95A06254074C20038FF0D /* PBXTargetDependency */ = {
			isa = PBXTargetDependency;
			target = 6ED959ED254074BD0038FF0D /* NotesApp */;
			targetProxy = 6ED95A05254074C20038FF0D /* PBXContainerItemProxy */;
		};
		6ED95A11254074C20038FF0D /* PBXTargetDependency */ = {
			isa = PBXTargetDependency;
			target = 6ED959ED254074BD0038FF0D /* NotesApp */;
			targetProxy = 6ED95A10254074C20038FF0D /* PBXContainerItemProxy */;
		};
/* End PBXTargetDependency section */

/* Begin PBXVariantGroup section */
		6ED959F7254074BD0038FF0D /* Main.storyboard */ = {
			isa = PBXVariantGroup;
			children = (
				6ED959F8254074BD0038FF0D /* Base */,
			);
			name = Main.storyboard;
			sourceTree = "<group>";
		};
		6ED959FC254074C10038FF0D /* LaunchScreen.storyboard */ = {
			isa = PBXVariantGroup;
			children = (
				6ED959FD254074C10038FF0D /* Base */,
			);
			name = LaunchScreen.storyboard;
			sourceTree = "<group>";
		};
/* End PBXVariantGroup section */

/* Begin XCBuildConfiguration section */
		6ED95A16254074C20038FF0D /* Debug */ = {
			isa = XCBuildConfiguration;
			buildSettings = {
				ALWAYS_SEARCH_USER_PATHS = NO;
				CLANG_ANALYZER_NONNULL = YES;
				CLANG_ANALYZER_NUMBER_OBJECT_CONVERSION = YES_AGGRESSIVE;
				CLANG_CXX_LANGUAGE_STANDARD = "gnu++14";
				CLANG_CXX_LIBRARY = "libc++";
				CLANG_ENABLE_MODULES = YES;
				CLANG_ENABLE_OBJC_ARC = YES;
				CLANG_ENABLE_OBJC_WEAK = YES;
				CLANG_WARN_BLOCK_CAPTURE_AUTORELEASING = YES;
				CLANG_WARN_BOOL_CONVERSION = YES;
				CLANG_WARN_COMMA = YES;
				CLANG_WARN_CONSTANT_CONVERSION = YES;
				CLANG_WARN_DEPRECATED_OBJC_IMPLEMENTATIONS = YES;
				CLANG_WARN_DIRECT_OBJC_ISA_USAGE = YES_ERROR;
				CLANG_WARN_DOCUMENTATION_COMMENTS = YES;
				CLANG_WARN_EMPTY_BODY = YES;
				CLANG_WARN_ENUM_CONVERSION = YES;
				CLANG_WARN_INFINITE_RECURSION = YES;
				CLANG_WARN_INT_CONVERSION = YES;
				CLANG_WARN_NON_LITERAL_NULL_CONVERSION = YES;
				CLANG_WARN_OBJC_IMPLICIT_RETAIN_SELF = YES;
				CLANG_WARN_OBJC_LITERAL_CONVERSION = YES;
				CLANG_WARN_OBJC_ROOT_CLASS = YES_ERROR;
				CLANG_WARN_QUOTED_INCLUDE_IN_FRAMEWORK_HEADER = YES;
				CLANG_WARN_RANGE_LOOP_ANALYSIS = YES;
				CLANG_WARN_STRICT_PROTOTYPES = YES;
				CLANG_WARN_SUSPICIOUS_MOVE = YES;
				CLANG_WARN_UNGUARDED_AVAILABILITY = YES_AGGRESSIVE;
				CLANG_WARN_UNREACHABLE_CODE = YES;
				CLANG_WARN__DUPLICATE_METHOD_MATCH = YES;
				COPY_PHASE_STRIP = NO;
				DEBUG_INFORMATION_FORMAT = dwarf;
				ENABLE_STRICT_OBJC_MSGSEND = YES;
				ENABLE_TESTABILITY = YES;
				GCC_C_LANGUAGE_STANDARD = gnu11;
				GCC_DYNAMIC_NO_PIC = NO;
				GCC_NO_COMMON_BLOCKS = YES;
				GCC_OPTIMIZATION_LEVEL = 0;
				GCC_PREPROCESSOR_DEFINITIONS = (
					"DEBUG=1",
					"$(inherited)",
				);
				GCC_WARN_64_TO_32_BIT_CONVERSION = YES;
				GCC_WARN_ABOUT_RETURN_TYPE = YES_ERROR;
				GCC_WARN_UNDECLARED_SELECTOR = YES;
				GCC_WARN_UNINITIALIZED_AUTOS = YES_AGGRESSIVE;
				GCC_WARN_UNUSED_FUNCTION = YES;
				GCC_WARN_UNUSED_VARIABLE = YES;
				IPHONEOS_DEPLOYMENT_TARGET = 14.0;
				MTL_ENABLE_DEBUG_INFO = INCLUDE_SOURCE;
				MTL_FAST_MATH = YES;
				ONLY_ACTIVE_ARCH = YES;
				SDKROOT = iphoneos;
				SWIFT_ACTIVE_COMPILATION_CONDITIONS = DEBUG;
				SWIFT_OPTIMIZATION_LEVEL = "-Onone";
			};
			name = Debug;
		};
		6ED95A17254074C20038FF0D /* Release */ = {
			isa = XCBuildConfiguration;
			buildSettings = {
				ALWAYS_SEARCH_USER_PATHS = NO;
				CLANG_ANALYZER_NONNULL = YES;
				CLANG_ANALYZER_NUMBER_OBJECT_CONVERSION = YES_AGGRESSIVE;
				CLANG_CXX_LANGUAGE_STANDARD = "gnu++14";
				CLANG_CXX_LIBRARY = "libc++";
				CLANG_ENABLE_MODULES = YES;
				CLANG_ENABLE_OBJC_ARC = YES;
				CLANG_ENABLE_OBJC_WEAK = YES;
				CLANG_WARN_BLOCK_CAPTURE_AUTORELEASING = YES;
				CLANG_WARN_BOOL_CONVERSION = YES;
				CLANG_WARN_COMMA = YES;
				CLANG_WARN_CONSTANT_CONVERSION = YES;
				CLANG_WARN_DEPRECATED_OBJC_IMPLEMENTATIONS = YES;
				CLANG_WARN_DIRECT_OBJC_ISA_USAGE = YES_ERROR;
				CLANG_WARN_DOCUMENTATION_COMMENTS = YES;
				CLANG_WARN_EMPTY_BODY = YES;
				CLANG_WARN_ENUM_CONVERSION = YES;
				CLANG_WARN_INFINITE_RECURSION = YES;
				CLANG_WARN_INT_CONVERSION = YES;
				CLANG_WARN_NON_LITERAL_NULL_CONVERSION = YES;
				CLANG_WARN_OBJC_IMPLICIT_RETAIN_SELF = YES;
				CLANG_WARN_OBJC_LITERAL_CONVERSION = YES;
				CLANG_WARN_OBJC_ROOT_CLASS = YES_ERROR;
				CLANG_WARN_QUOTED_INCLUDE_IN_FRAMEWORK_HEADER = YES;
				CLANG_WARN_RANGE_LOOP_ANALYSIS = YES;
				CLANG_WARN_STRICT_PROTOTYPES = YES;
				CLANG_WARN_SUSPICIOUS_MOVE = YES;
				CLANG_WARN_UNGUARDED_AVAILABILITY = YES_AGGRESSIVE;
				CLANG_WARN_UNREACHABLE_CODE = YES;
				CLANG_WARN__DUPLICATE_METHOD_MATCH = YES;
				COPY_PHASE_STRIP = NO;
				DEBUG_INFORMATION_FORMAT = "dwarf-with-dsym";
				ENABLE_NS_ASSERTIONS = NO;
				ENABLE_STRICT_OBJC_MSGSEND = YES;
				GCC_C_LANGUAGE_STANDARD = gnu11;
				GCC_NO_COMMON_BLOCKS = YES;
				GCC_WARN_64_TO_32_BIT_CONVERSION = YES;
				GCC_WARN_ABOUT_RETURN_TYPE = YES_ERROR;
				GCC_WARN_UNDECLARED_SELECTOR = YES;
				GCC_WARN_UNINITIALIZED_AUTOS = YES_AGGRESSIVE;
				GCC_WARN_UNUSED_FUNCTION = YES;
				GCC_WARN_UNUSED_VARIABLE = YES;
				IPHONEOS_DEPLOYMENT_TARGET = 14.0;
				MTL_ENABLE_DEBUG_INFO = NO;
				MTL_FAST_MATH = YES;
				SDKROOT = iphoneos;
				SWIFT_COMPILATION_MODE = wholemodule;
				SWIFT_OPTIMIZATION_LEVEL = "-O";
				VALIDATE_PRODUCT = YES;
			};
			name = Release;
		};
		6ED95A19254074C20038FF0D /* Debug */ = {
			isa = XCBuildConfiguration;
			buildSettings = {
				ASSETCATALOG_COMPILER_APPICON_NAME = AppIcon;
				ASSETCATALOG_COMPILER_GLOBAL_ACCENT_COLOR_NAME = AccentColor;
				CODE_SIGN_STYLE = Automatic;
				DEVELOPMENT_TEAM = 7T9PLW7GSM;
				INFOPLIST_FILE = NotesApp/Info.plist;
				LD_RUNPATH_SEARCH_PATHS = (
					"$(inherited)",
					"@executable_path/Frameworks",
				);
				PRODUCT_BUNDLE_IDENTIFIER = "yuvraj-s-projects.NotesApp";
				PRODUCT_NAME = "$(TARGET_NAME)";
				SWIFT_VERSION = 5.0;
				TARGETED_DEVICE_FAMILY = "1,2";
			};
			name = Debug;
		};
		6ED95A1A254074C20038FF0D /* Release */ = {
			isa = XCBuildConfiguration;
			buildSettings = {
				ASSETCATALOG_COMPILER_APPICON_NAME = AppIcon;
				ASSETCATALOG_COMPILER_GLOBAL_ACCENT_COLOR_NAME = AccentColor;
				CODE_SIGN_STYLE = Automatic;
				DEVELOPMENT_TEAM = 7T9PLW7GSM;
				INFOPLIST_FILE = NotesApp/Info.plist;
				LD_RUNPATH_SEARCH_PATHS = (
					"$(inherited)",
					"@executable_path/Frameworks",
				);
				PRODUCT_BUNDLE_IDENTIFIER = "yuvraj-s-projects.NotesApp";
				PRODUCT_NAME = "$(TARGET_NAME)";
				SWIFT_VERSION = 5.0;
				TARGETED_DEVICE_FAMILY = "1,2";
			};
			name = Release;
		};
		6ED95A1C254074C20038FF0D /* Debug */ = {
			isa = XCBuildConfiguration;
			buildSettings = {
				ALWAYS_EMBED_SWIFT_STANDARD_LIBRARIES = YES;
				BUNDLE_LOADER = "$(TEST_HOST)";
				CODE_SIGN_STYLE = Automatic;
				DEVELOPMENT_TEAM = 7T9PLW7GSM;
				INFOPLIST_FILE = NotesAppTests/Info.plist;
				IPHONEOS_DEPLOYMENT_TARGET = 14.0;
				LD_RUNPATH_SEARCH_PATHS = (
					"$(inherited)",
					"@executable_path/Frameworks",
					"@loader_path/Frameworks",
				);
				PRODUCT_BUNDLE_IDENTIFIER = "yuvraj-s-projects.NotesAppTests";
				PRODUCT_NAME = "$(TARGET_NAME)";
				SWIFT_VERSION = 5.0;
				TARGETED_DEVICE_FAMILY = "1,2";
				TEST_HOST = "$(BUILT_PRODUCTS_DIR)/NotesApp.app/NotesApp";
			};
			name = Debug;
		};
		6ED95A1D254074C20038FF0D /* Release */ = {
			isa = XCBuildConfiguration;
			buildSettings = {
				ALWAYS_EMBED_SWIFT_STANDARD_LIBRARIES = YES;
				BUNDLE_LOADER = "$(TEST_HOST)";
				CODE_SIGN_STYLE = Automatic;
				DEVELOPMENT_TEAM = 7T9PLW7GSM;
				INFOPLIST_FILE = NotesAppTests/Info.plist;
				IPHONEOS_DEPLOYMENT_TARGET = 14.0;
				LD_RUNPATH_SEARCH_PATHS = (
					"$(inherited)",
					"@executable_path/Frameworks",
					"@loader_path/Frameworks",
				);
				PRODUCT_BUNDLE_IDENTIFIER = "yuvraj-s-projects.NotesAppTests";
				PRODUCT_NAME = "$(TARGET_NAME)";
				SWIFT_VERSION = 5.0;
				TARGETED_DEVICE_FAMILY = "1,2";
				TEST_HOST = "$(BUILT_PRODUCTS_DIR)/NotesApp.app/NotesApp";
			};
			name = Release;
		};
		6ED95A1F254074C20038FF0D /* Debug */ = {
			isa = XCBuildConfiguration;
			buildSettings = {
				ALWAYS_EMBED_SWIFT_STANDARD_LIBRARIES = YES;
				CODE_SIGN_STYLE = Automatic;
				DEVELOPMENT_TEAM = 7T9PLW7GSM;
				INFOPLIST_FILE = NotesAppUITests/Info.plist;
				LD_RUNPATH_SEARCH_PATHS = (
					"$(inherited)",
					"@executable_path/Frameworks",
					"@loader_path/Frameworks",
				);
				PRODUCT_BUNDLE_IDENTIFIER = "yuvraj-s-projects.NotesAppUITests";
				PRODUCT_NAME = "$(TARGET_NAME)";
				SWIFT_VERSION = 5.0;
				TARGETED_DEVICE_FAMILY = "1,2";
				TEST_TARGET_NAME = NotesApp;
			};
			name = Debug;
		};
		6ED95A20254074C20038FF0D /* Release */ = {
			isa = XCBuildConfiguration;
			buildSettings = {
				ALWAYS_EMBED_SWIFT_STANDARD_LIBRARIES = YES;
				CODE_SIGN_STYLE = Automatic;
				DEVELOPMENT_TEAM = 7T9PLW7GSM;
				INFOPLIST_FILE = NotesAppUITests/Info.plist;
				LD_RUNPATH_SEARCH_PATHS = (
					"$(inherited)",
					"@executable_path/Frameworks",
					"@loader_path/Frameworks",
				);
				PRODUCT_BUNDLE_IDENTIFIER = "yuvraj-s-projects.NotesAppUITests";
				PRODUCT_NAME = "$(TARGET_NAME)";
				SWIFT_VERSION = 5.0;
				TARGETED_DEVICE_FAMILY = "1,2";
				TEST_TARGET_NAME = NotesApp;
			};
			name = Release;
		};
/* End XCBuildConfiguration section */

/* Begin XCConfigurationList section */
		6ED959E9254074BD0038FF0D /* Build configuration list for PBXProject "NotesApp" */ = {
			isa = XCConfigurationList;
			buildConfigurations = (
				6ED95A16254074C20038FF0D /* Debug */,
				6ED95A17254074C20038FF0D /* Release */,
			);
			defaultConfigurationIsVisible = 0;
			defaultConfigurationName = Release;
		};
		6ED95A18254074C20038FF0D /* Build configuration list for PBXNativeTarget "NotesApp" */ = {
			isa = XCConfigurationList;
			buildConfigurations = (
				6ED95A19254074C20038FF0D /* Debug */,
				6ED95A1A254074C20038FF0D /* Release */,
			);
			defaultConfigurationIsVisible = 0;
			defaultConfigurationName = Release;
		};
		6ED95A1B254074C20038FF0D /* Build configuration list for PBXNativeTarget "NotesAppTests" */ = {
			isa = XCConfigurationList;
			buildConfigurations = (
				6ED95A1C254074C20038FF0D /* Debug */,
				6ED95A1D254074C20038FF0D /* Release */,
			);
			defaultConfigurationIsVisible = 0;
			defaultConfigurationName = Release;
		};
		6ED95A1E254074C20038FF0D /* Build configuration list for PBXNativeTarget "NotesAppUITests" */ = {
			isa = XCConfigurationList;
			buildConfigurations = (
				6ED95A1F254074C20038FF0D /* Debug */,
				6ED95A20254074C20038FF0D /* Release */,
			);
			defaultConfigurationIsVisible = 0;
			defaultConfigurationName = Release;
		};
/* End XCConfigurationList section */
	};
	rootObject = 6ED959E6254074BD0038FF0D /* Project object */;
}
